
Microsoft Visual Studio Solution File, Format Version 12.00
# Visual Studio 14
VisualStudioVersion = 14.0.25420.1
MinimumVisualStudioVersion = 10.0.40219.1
Project("{8BC9CEB8-8B4A-11D0-8D11-00A0C91BC942}") = "count_vowels", "count_vowels\count_vowels.vcxproj", "{2E078F2E-B44D-4EC3-ADC0-1675D8E330EA}"
EndProject
Project("{8BC9CEB8-8B4A-11D0-8D11-00A0C91BC942}") = "reverse_a_string", "reverse_a_string\reverse_a_string.vcxproj", "{E81A795D-B858-4C21-8207-8D8369680B26}"
EndProject
Project("{8BC9CEB8-8B4A-11D0-8D11-00A0C91BC942}") = "check_if_palindrome", "check_if_palindrome\check_if_palindrome.vcxproj", "{E0F99093-9427-4771-A61F-49279C4E4187}"
EndProject
Project("{8BC9CEB8-8B4A-11D0-8D11-00A0C91BC942}") = "count_words_in_a_string", "count_words_in_a_string\count_words_in_a_string.vcxproj", "{C7CF31DD-56AA-4C99-AFE3-F42FF819C5D5}"
EndProject
Global
	GlobalSection(SolutionConfigurationPlatforms) = preSolution
		Debug|x64 = Debug|x64
		Debug|x86 = Debug|x86
		Release|x64 = Release|x64
		Release|x86 = Release|x86
	EndGlobalSection
	GlobalSection(ProjectConfigurationPlatforms) = postSolution
		{2E078F2E-B44D-4EC3-ADC0-1675D8E330EA}.Debug|x64.ActiveCfg = Debug|x64
		{2E078F2E-B44D-4EC3-ADC0-1675D8E330EA}.Debug|x64.Build.0 = Debug|x64
		{2E078F2E-B44D-4EC3-ADC0-1675D8E330EA}.Debug|x86.ActiveCfg = Debug|Win32
		{2E078F2E-B44D-4EC3-ADC0-1675D8E330EA}.Debug|x86.Build.0 = Debug|Win32
		{2E078F2E-B44D-4EC3-ADC0-1675D8E330EA}.Release|x64.ActiveCfg = Release|x64
		{2E078F2E-B44D-4EC3-ADC0-1675D8E330EA}.Release|x64.Build.0 = Release|x64
		{2E078F2E-B44D-4EC3-ADC0-1675D8E330EA}.Release|x86.ActiveCfg = Release|Win32
		{2E078F2E-B44D-4EC3-ADC0-1675D8E330EA}.Release|x86.Build.0 = Release|Win32
		{E81A795D-B858-4C21-8207-8D8369680B26}.Debug|x64.ActiveCfg = Debug|x64
		{E81A795D-B858-4C21-8207-8D8369680B26}.Debug|x64.Build.0 = Debug|x64
		{E81A795D-B858-4C21-8207-8D8369680B26}.Debug|x86.ActiveCfg = Debug|Win32
		{E81A795D-B858-4C21-8207-8D8369680B26}.Debug|x86.Build.0 = Debug|Win32
		{E81A795D-B858-4C21-8207-8D8369680B26}.Release|x64.ActiveCfg = Release|x64
		{E81A795D-B858-4C21-8207-8D8369680B26}.Release|x64.Build.0 = Release|x64
		{E81A795D-B858-4C21-8207-8D8369680B26}.Release|x86.ActiveCfg = Release|Win32
		{E81A795D-B858-4C21-8207-8D8369680B26}.Release|x86.Build.0 = Release|Win32
		{E0F99093-9427-4771-A61F-49279C4E4187}.Debug|x64.ActiveCfg = Debug|x64
		{E0F99093-9427-4771-A61F-49279C4E4187}.Debug|x64.Build.0 = Debug|x64
		{E0F99093-9427-4771-A61F-49279C4E4187}.Debug|x86.ActiveCfg = Debug|Win32
		{E0F99093-9427-4771-A61F-49279C4E4187}.Debug|x86.Build.0 = Debug|Win32
		{E0F99093-9427-4771-A61F-49279C4E4187}.Release|x64.ActiveCfg = Release|x64
		{E0F99093-9427-4771-A61F-49279C4E4187}.Release|x64.Build.0 = Release|x64
		{E0F99093-9427-4771-A61F-49279C4E4187}.Release|x86.ActiveCfg = Release|Win32
		{E0F99093-9427-4771-A61F-49279C4E4187}.Release|x86.Build.0 = Release|Win32
		{C7CF31DD-56AA-4C99-AFE3-F42FF819C5D5}.Debug|x64.ActiveCfg = Debug|x64
		{C7CF31DD-56AA-4C99-AFE3-F42FF819C5D5}.Debug|x64.Build.0 = Debug|x64
		{C7CF31DD-56AA-4C99-AFE3-F42FF819C5D5}.Debug|x86.ActiveCfg = Debug|Win32
		{C7CF31DD-56AA-4C99-AFE3-F42FF819C5D5}.Debug|x86.Build.0 = Debug|Win32
		{C7CF31DD-56AA-4C99-AFE3-F42FF819C5D5}.Release|x64.ActiveCfg = Release|x64
		{C7CF31DD-56AA-4C99-AFE3-F42FF819C5D5}.Release|x64.Build.0 = Release|x64
		{C7CF31DD-56AA-4C99-AFE3-F42FF819C5D5}.Release|x86.ActiveCfg = Release|Win32
		{C7CF31DD-56AA-4C99-AFE3-F42FF819C5D5}.Release|x86.Build.0 = Release|Win32
	EndGlobalSection
	GlobalSection(SolutionProperties) = preSolution
		HideSolutionNode = FALSE
	EndGlobalSection
EndGlobal
